{
  "name": "loveforeverinfo",
  "version": "1.0.0",
  "lockfileVersion": 1,
  "requires": true,
  "dependencies": {
    "@leaves-27/good": {
      "version": "1.0.0",
      "resolved": "https://registry.npmjs.org/@leaves-27/good/-/good-1.0.0.tgz",
      "integrity": "sha512-k6NFdCA32rYhPQdNdWP37+fvR3r7iXSJ6uSsBA1NK3/n3LohqwjTQPhm/13CYwslByETuogaAAYrKYXXVXdgIg=="
    },
    "@leaves-27/kvs": {
      "version": "1.0.1",
      "resolved": "https://registry.npmjs.org/@leaves-27/kvs/-/kvs-1.0.1.tgz",
      "integrity": "sha512-34DnpzpAuHLTOQW/kxvjq4xYksP8pM/VLpo0OYZTuhbZL/gdcZ41Ii+mhzyIXKEbaN5hqmUTQERbCh3d/cunlw=="
    },
    "@leaves-27/mingrogram-request": {
      "version": "1.0.2",
      "resolved": "https://registry.npm.taobao.org/@leaves-27/mingrogram-request/download/@leaves-27/mingrogram-request-1.0.2.tgz",
      "integrity": "sha1-cecbTOsYW6HTcdLbbdBy0HTwwAc="
    },
    "@leaves-27/mingrogram-router": {
      "version": "1.0.1",
      "resolved": "https://registry.npmjs.org/@leaves-27/mingrogram-router/-/mingrogram-router-1.0.1.tgz",
      "integrity": "sha512-XB/kMivMMZb6JOF7b22J1WwvC5m8cMPnsLAQSBPKlbziMMuBMxSK9vZT9zOZ1FJ3SBy3AYaM5qFusuuJTxVDig=="
    },
    "@leaves-27/miniprogram": {
      "version": "1.0.0",
      "resolved": "https://registry.npm.taobao.org/@leaves-27/miniprogram/download/@leaves-27/miniprogram-1.0.0.tgz",
      "integrity": "sha1-9vQHnG7yT43Z+/8WHnd/YKgm+jM="
    },
    "@leaves-27/miniprogram-qr-code": {
      "version": "1.0.0",
      "resolved": "https://registry.npm.taobao.org/@leaves-27/miniprogram-qr-code/download/@leaves-27/miniprogram-qr-code-1.0.0.tgz",
      "integrity": "sha1-w0GPNwjbLDovoW/DvRw2nwRYuOI="
    },
    "@leaves-27/utils": {
      "version": "1.0.0",
      "resolved": "https://registry.npm.taobao.org/@leaves-27/utils/download/@leaves-27/utils-1.0.0.tgz",
      "integrity": "sha1-s/qa6b19OTYoDWKefA+BVMzItn0=",
      "dependencies": {
        "qs": {
          "version": "6.9.0",
          "resolved": "https://registry.npmjs.org/qs/-/qs-6.9.0.tgz",
          "integrity": "sha512-27RP4UotQORTpmNQDX8BHPukOnBP3p1uUJY5UnDhaJB+rMt9iMsok724XL+UHU23bEFOHRMQ2ZhI99qOWUMGFA=="
        }
      }
    },
    "axios": {
      "version": "0.19.0",
      "resolved": "https://registry.npm.taobao.org/axios/download/axios-0.19.0.tgz",
      "integrity": "sha1-jgm/89kSLhM/e4EByPvdAO09Krg="
    },
    "miniprogram-computed": {
      "version": "1.0.0",
      "resolved": "https://registry.npm.taobao.org/miniprogram-computed/download/miniprogram-computed-1.0.0.tgz",
      "integrity": "sha1-tOkVCZBcilOxpif1pMAFXr38C9c="
    },
    "qs": {
      "version": "6.7.3",
      "resolved": "https://registry.npmjs.org/qs/-/qs-6.7.3.tgz",
      "integrity": "sha512-WBoQWf5L/UOLqUj8Mvr4Om7J+ZTCqPbYPHyeLNRS9t9Q3M3/o/9ctpWnlo8yyETPclx7FhH5LidjKKJa9kdSRQ=="
    }
  }
}
