{
  "name": "loveforeverinfo",
  "version": "1.0.0",
  "lockfileVersion": 1,
  "requires": true,
  "dependencies": {
    "@leaves-27/good": {
      "version": "1.0.0",
      "resolved": "https://registry.npmjs.org/@leaves-27/good/-/good-1.0.0.tgz",
      "integrity": "sha512-k6NFdCA32rYhPQdNdWP37+fvR3r7iXSJ6uSsBA1NK3/n3LohqwjTQPhm/13CYwslByETuogaAAYrKYXXVXdgIg=="
    },
    "@leaves-27/kvs": {
      "version": "1.0.1",
      "resolved": "https://registry.npmjs.org/@leaves-27/kvs/-/kvs-1.0.1.tgz",
      "integrity": "sha512-34DnpzpAuHLTOQW/kxvjq4xYksP8pM/VLpo0OYZTuhbZL/gdcZ41Ii+mhzyIXKEbaN5hqmUTQERbCh3d/cunlw=="
    },
    "@leaves-27/mingrogram-request": {
      "version": "1.0.2",
      "resolved": "https://registry.npm.taobao.org/@leaves-27/mingrogram-request/download/@leaves-27/mingrogram-request-1.0.2.tgz",
      "integrity": "sha1-cecbTOsYW6HTcdLbbdBy0HTwwAc="
    },
    "@leaves-27/mingrogram-router": {
      "version": "1.0.1",
      "resolved": "https://registry.npmjs.org/@leaves-27/mingrogram-router/-/mingrogram-router-1.0.1.tgz",
      "integrity": "sha512-XB/kMivMMZb6JOF7b22J1WwvC5m8cMPnsLAQSBPKlbziMMuBMxSK9vZT9zOZ1FJ3SBy3AYaM5qFusuuJTxVDig=="
    },
    "@leaves-27/miniprogram": {
      "version": "1.0.0",
      "resolved": "https://registry.npm.taobao.org/@leaves-27/miniprogram/download/@leaves-27/miniprogram-1.0.0.tgz",
      "integrity": "sha1-9vQHnG7yT43Z+/8WHnd/YKgm+jM="
    },
    "@leaves-27/miniprogram-qr-code": {
      "version": "1.0.0",
      "resolved": "https://registry.npm.taobao.org/@leaves-27/miniprogram-qr-code/download/@leaves-27/miniprogram-qr-code-1.0.0.tgz",
      "integrity": "sha1-w0GPNwjbLDovoW/DvRw2nwRYuOI="
    },
    "@leaves-27/utils": {
      "version": "1.0.0",
      "resolved": "https://registry.npm.taobao.org/@leaves-27/utils/download/@leaves-27/utils-1.0.0.tgz",
      "integrity": "sha1-s/qa6b19OTYoDWKefA+BVMzItn0=",
      "dependencies": {
        "qs": {
          "version": "6.9.0",
          "resolved": "https://registry.npmjs.org/qs/-/qs-6.9.0.tgz",
          "integrity": "sha512-27RP4UotQORTpmNQDX8BHPukOnBP3p1uUJY5UnDhaJB+rMt9iMsok724XL+UHU23bEFOHRMQ2ZhI99qOWUMGFA=="
        }
      }
    },
    "axios": {
      "version": "0.21.1",
      "resolved": "https://registry.npmjs.org/axios/-/axios-0.21.1.tgz",
      "integrity": "sha512-dKQiRHxGD9PPRIUNIWvZhPTPpl1rf/OxTYKsqKUDjBwYylTvV7SjSHJb9ratfyzM6wCdLCOYLzs73qpg5c4iGA==",
      "requires": {
        "follow-redirects": "^1.10.0"
      },
      "dependencies": {
        "follow-redirects": {
          "version": "1.13.1",
          "resolved": "https://registry.npmjs.org/follow-redirects/-/follow-redirects-1.13.1.tgz",
          "integrity": "sha512-SSG5xmZh1mkPGyKzjZP8zLjltIfpW32Y5QpdNJyjcfGxK3qo3NDDkZOZSFiGn1A6SclQxY9GzEwAHQ3dmYRWpg=="
        }
      }
    },
    "miniprogram-computed": {
      "version": "1.0.0",
      "resolved": "https://registry.npm.taobao.org/miniprogram-computed/download/miniprogram-computed-1.0.0.tgz",
      "integrity": "sha1-tOkVCZBcilOxpif1pMAFXr38C9c="
    },
    "qs": {
      "version": "6.7.0",
      "resolved": "https://registry.npm.taobao.org/qs/download/qs-6.7.0.tgz",
      "integrity": "sha1-QdwaAV49WB8WIXdr4xr7KHapsbw="
    }
  }
}
