{
  "name": "loveforeverinfo",
  "version": "1.0.0",
  "lockfileVersion": 1,
  "requires": true,
  "dependencies": {
    "@leaves-27/good": {
      "version": "1.0.0",
      "resolved": "https://registry.npmjs.org/@leaves-27/good/-/good-1.0.0.tgz",
      "integrity": "sha512-k6NFdCA32rYhPQdNdWP37+fvR3r7iXSJ6uSsBA1NK3/n3LohqwjTQPhm/13CYwslByETuogaAAYrKYXXVXdgIg=="
    },
    "@leaves-27/kvs": {
      "version": "1.0.1",
      "resolved": "https://registry.npmjs.org/@leaves-27/kvs/-/kvs-1.0.1.tgz",
      "integrity": "sha512-34DnpzpAuHLTOQW/kxvjq4xYksP8pM/VLpo0OYZTuhbZL/gdcZ41Ii+mhzyIXKEbaN5hqmUTQERbCh3d/cunlw=="
    },
    "@leaves-27/mingrogram-request": {
      "version": "1.0.2",
      "resolved": "https://registry.npmjs.org/@leaves-27/mingrogram-request/-/mingrogram-request-1.0.2.tgz",
      "integrity": "sha512-Nx15nxuJ/YqP9I0GNLJ//HawIH9h2F9uiZ21GaF4dchKM3fD42wNgP7TFW586J6YtTSrskzY9yBvVmvviWUO8w=="
    },
    "@leaves-27/mingrogram-router": {
      "version": "1.0.0",
      "resolved": "https://registry.npmjs.org/@leaves-27/mingrogram-router/-/mingrogram-router-1.0.0.tgz",
      "integrity": "sha512-zrtR2YsJB2TcecW+IKJY/ySEzm5VWR8WNWaqslcmIvREzU/hk/NoHLOxM5l/gFzDUJPlVMl5v7sJaJyp+HaTmw=="
    },
    "axios": {
      "version": "0.19.0",
      "resolved": "https://registry.npm.taobao.org/axios/download/axios-0.19.0.tgz",
      "integrity": "sha1-jgm/89kSLhM/e4EByPvdAO09Krg=",
      "requires": {
        "follow-redirects": "1.5.10",
        "is-buffer": "^2.0.2"
      }
    },
    "debug": {
      "version": "3.1.0",
      "resolved": "https://registry.npm.taobao.org/debug/download/debug-3.1.0.tgz",
      "integrity": "sha1-W7WgZyYotkFJVmuhaBnmFRjGcmE=",
      "requires": {
        "ms": "2.0.0"
      }
    },
    "follow-redirects": {
      "version": "1.5.10",
      "resolved": "https://registry.npm.taobao.org/follow-redirects/download/follow-redirects-1.5.10.tgz",
      "integrity": "sha1-e3qfmuov3/NnhqlP9kPtB/T/Xio=",
      "requires": {
        "debug": "=3.1.0"
      }
    },
    "is-buffer": {
      "version": "2.0.3",
      "resolved": "https://registry.npm.taobao.org/is-buffer/download/is-buffer-2.0.3.tgz",
      "integrity": "sha1-Ts8/z3ScvR5HJonhCaxmJhol5yU="
    },
    "miniprogram-computed": {
      "version": "1.0.0",
      "resolved": "https://registry.npm.taobao.org/miniprogram-computed/download/miniprogram-computed-1.0.0.tgz",
      "integrity": "sha1-tOkVCZBcilOxpif1pMAFXr38C9c="
    },
    "ms": {
      "version": "2.0.0",
      "resolved": "https://registry.npm.taobao.org/ms/download/ms-2.0.0.tgz",
      "integrity": "sha1-VgiurfwAvmwpAd9fmGF4jeDVl8g="
    },
    "qs": {
      "version": "6.7.0",
      "resolved": "https://registry.npm.taobao.org/qs/download/qs-6.7.0.tgz",
      "integrity": "sha1-QdwaAV49WB8WIXdr4xr7KHapsbw="
    }
  }
}
